
Microsoft Visual Studio Solution File, Format Version 12.00
# Visual Studio 14
VisualStudioVersion = 14.0.23107.0
MinimumVisualStudioVersion = 10.0.40219.1
Project("{2150E333-8FDC-42A3-9474-1A3956D46DE8}") = "src", "src", "{EB09BAF0-6755-4698-BFBD-DF5A698F7428}"
EndProject
Project("{2150E333-8FDC-42A3-9474-1A3956D46DE8}") = "Solution Items", "Solution Items", "{D9497243-034E-4C3F-ABC3-324D3E38AB28}"
	ProjectSection(SolutionItems) = preProject
		global.json = global.json
		NuGet.Config = NuGet.Config
	EndProjectSection
EndProject
Project("{8BB2217D-0F2D-49D1-97BC-3654ED321F3B}") = "TagHelperSamples.Web", "src\TagHelperSamples.Web\TagHelperSamples.Web.xproj", "{5923B03F-68E3-4C41-9961-687BDDE89BF5}"
EndProject
Project("{8BB2217D-0F2D-49D1-97BC-3654ED321F3B}") = "TagHelperSamples.Bootstrap", "src\TagHelperSamples.Bootstrap\TagHelperSamples.Bootstrap.xproj", "{C97DB0CF-C2DD-48A3-8665-DCE56B831393}"
EndProject
Global
	GlobalSection(SolutionConfigurationPlatforms) = preSolution
		Debug|Any CPU = Debug|Any CPU
		Release|Any CPU = Release|Any CPU
	EndGlobalSection
	GlobalSection(ProjectConfigurationPlatforms) = postSolution
		{5923B03F-68E3-4C41-9961-687BDDE89BF5}.Debug|Any CPU.ActiveCfg = Debug|Any CPU
		{5923B03F-68E3-4C41-9961-687BDDE89BF5}.Debug|Any CPU.Build.0 = Debug|Any CPU
		{5923B03F-68E3-4C41-9961-687BDDE89BF5}.Release|Any CPU.ActiveCfg = Release|Any CPU
		{5923B03F-68E3-4C41-9961-687BDDE89BF5}.Release|Any CPU.Build.0 = Release|Any CPU
		{C97DB0CF-C2DD-48A3-8665-DCE56B831393}.Debug|Any CPU.ActiveCfg = Debug|Any CPU
		{C97DB0CF-C2DD-48A3-8665-DCE56B831393}.Debug|Any CPU.Build.0 = Debug|Any CPU
		{C97DB0CF-C2DD-48A3-8665-DCE56B831393}.Release|Any CPU.ActiveCfg = Release|Any CPU
		{C97DB0CF-C2DD-48A3-8665-DCE56B831393}.Release|Any CPU.Build.0 = Release|Any CPU
	EndGlobalSection
	GlobalSection(SolutionProperties) = preSolution
		HideSolutionNode = FALSE
	EndGlobalSection
	GlobalSection(NestedProjects) = preSolution
		{5923B03F-68E3-4C41-9961-687BDDE89BF5} = {EB09BAF0-6755-4698-BFBD-DF5A698F7428}
		{C97DB0CF-C2DD-48A3-8665-DCE56B831393} = {EB09BAF0-6755-4698-BFBD-DF5A698F7428}
	EndGlobalSection
EndGlobal
