
Microsoft Visual Studio Solution File, Format Version 12.00
# Visual Studio 15
VisualStudioVersion = 15.0.26430.15
MinimumVisualStudioVersion = 10.0.40219.1
Project("{2150E333-8FDC-42A3-9474-1A3956D46DE8}") = "src", "src", "{EB09BAF0-6755-4698-BFBD-DF5A698F7428}"
EndProject
Project("{2150E333-8FDC-42A3-9474-1A3956D46DE8}") = "Solution Items", "Solution Items", "{D9497243-034E-4C3F-ABC3-324D3E38AB28}"
	ProjectSection(SolutionItems) = preProject
		NuGet.Config = NuGet.Config
	EndProjectSection
EndProject
Project("{9A19103F-16F7-4668-BE54-9A1E7A4F7556}") = "TagHelperSamples.Web", "src\TagHelperSamples.Web\TagHelperSamples.Web.csproj", "{5923B03F-68E3-4C41-9961-687BDDE89BF5}"
EndProject
Project("{9A19103F-16F7-4668-BE54-9A1E7A4F7556}") = "TagHelperSamples.Bootstrap", "src\TagHelperSamples.Bootstrap\TagHelperSamples.Bootstrap.csproj", "{C97DB0CF-C2DD-48A3-8665-DCE56B831393}"
EndProject
Project("{9A19103F-16F7-4668-BE54-9A1E7A4F7556}") = "TagHelperSamples.Markdown", "src\TagHelperSamples.Markdown\TagHelperSamples.Markdown.csproj", "{DB87D552-AE71-408C-9ED8-DB1AC560328E}"
EndProject
Project("{9A19103F-16F7-4668-BE54-9A1E7A4F7556}") = "TagHelperSamples.Markdown.Tests", "src\TagHelperSamples.Markdown.Tests\TagHelperSamples.Markdown.Tests.csproj", "{650A5A85-5956-491E-9312-5E25A27D1108}"
EndProject
Project("{9A19103F-16F7-4668-BE54-9A1E7A4F7556}") = "TagHelperSamples.GenFu", "src\TagHelperSamples.GenFu\TagHelperSamples.GenFu.csproj", "{7F81CC79-928C-4544-A7B5-4B2BB1CC2E2C}"
EndProject
Project("{FAE04EC0-301F-11D3-BF4B-00C04F79EFBC}") = "TagHelperSamples.Authorization", "src\TagHelperSamples.Authorization\TagHelperSamples.Authorization.csproj", "{CA1011D8-15F5-4C48-ABBF-56C08EA1EC0D}"
EndProject
Global
	GlobalSection(SolutionConfigurationPlatforms) = preSolution
		Debug|Any CPU = Debug|Any CPU
		Release|Any CPU = Release|Any CPU
	EndGlobalSection
	GlobalSection(ProjectConfigurationPlatforms) = postSolution
		{5923B03F-68E3-4C41-9961-687BDDE89BF5}.Debug|Any CPU.ActiveCfg = Debug|Any CPU
		{5923B03F-68E3-4C41-9961-687BDDE89BF5}.Debug|Any CPU.Build.0 = Debug|Any CPU
		{5923B03F-68E3-4C41-9961-687BDDE89BF5}.Release|Any CPU.ActiveCfg = Release|Any CPU
		{5923B03F-68E3-4C41-9961-687BDDE89BF5}.Release|Any CPU.Build.0 = Release|Any CPU
		{C97DB0CF-C2DD-48A3-8665-DCE56B831393}.Debug|Any CPU.ActiveCfg = Debug|Any CPU
		{C97DB0CF-C2DD-48A3-8665-DCE56B831393}.Debug|Any CPU.Build.0 = Debug|Any CPU
		{C97DB0CF-C2DD-48A3-8665-DCE56B831393}.Release|Any CPU.ActiveCfg = Release|Any CPU
		{C97DB0CF-C2DD-48A3-8665-DCE56B831393}.Release|Any CPU.Build.0 = Release|Any CPU
		{DB87D552-AE71-408C-9ED8-DB1AC560328E}.Debug|Any CPU.ActiveCfg = Debug|Any CPU
		{DB87D552-AE71-408C-9ED8-DB1AC560328E}.Debug|Any CPU.Build.0 = Debug|Any CPU
		{DB87D552-AE71-408C-9ED8-DB1AC560328E}.Release|Any CPU.ActiveCfg = Release|Any CPU
		{DB87D552-AE71-408C-9ED8-DB1AC560328E}.Release|Any CPU.Build.0 = Release|Any CPU
		{650A5A85-5956-491E-9312-5E25A27D1108}.Debug|Any CPU.ActiveCfg = Debug|Any CPU
		{650A5A85-5956-491E-9312-5E25A27D1108}.Debug|Any CPU.Build.0 = Debug|Any CPU
		{650A5A85-5956-491E-9312-5E25A27D1108}.Release|Any CPU.ActiveCfg = Release|Any CPU
		{650A5A85-5956-491E-9312-5E25A27D1108}.Release|Any CPU.Build.0 = Release|Any CPU
		{7F81CC79-928C-4544-A7B5-4B2BB1CC2E2C}.Debug|Any CPU.ActiveCfg = Debug|Any CPU
		{7F81CC79-928C-4544-A7B5-4B2BB1CC2E2C}.Debug|Any CPU.Build.0 = Debug|Any CPU
		{7F81CC79-928C-4544-A7B5-4B2BB1CC2E2C}.Release|Any CPU.ActiveCfg = Release|Any CPU
		{7F81CC79-928C-4544-A7B5-4B2BB1CC2E2C}.Release|Any CPU.Build.0 = Release|Any CPU
		{CA1011D8-15F5-4C48-ABBF-56C08EA1EC0D}.Debug|Any CPU.ActiveCfg = Debug|Any CPU
		{CA1011D8-15F5-4C48-ABBF-56C08EA1EC0D}.Debug|Any CPU.Build.0 = Debug|Any CPU
		{CA1011D8-15F5-4C48-ABBF-56C08EA1EC0D}.Release|Any CPU.ActiveCfg = Release|Any CPU
		{CA1011D8-15F5-4C48-ABBF-56C08EA1EC0D}.Release|Any CPU.Build.0 = Release|Any CPU
	EndGlobalSection
	GlobalSection(SolutionProperties) = preSolution
		HideSolutionNode = FALSE
	EndGlobalSection
	GlobalSection(NestedProjects) = preSolution
		{5923B03F-68E3-4C41-9961-687BDDE89BF5} = {EB09BAF0-6755-4698-BFBD-DF5A698F7428}
		{C97DB0CF-C2DD-48A3-8665-DCE56B831393} = {EB09BAF0-6755-4698-BFBD-DF5A698F7428}
		{DB87D552-AE71-408C-9ED8-DB1AC560328E} = {EB09BAF0-6755-4698-BFBD-DF5A698F7428}
		{650A5A85-5956-491E-9312-5E25A27D1108} = {EB09BAF0-6755-4698-BFBD-DF5A698F7428}
		{7F81CC79-928C-4544-A7B5-4B2BB1CC2E2C} = {EB09BAF0-6755-4698-BFBD-DF5A698F7428}
		{CA1011D8-15F5-4C48-ABBF-56C08EA1EC0D} = {EB09BAF0-6755-4698-BFBD-DF5A698F7428}
	EndGlobalSection
EndGlobal
